{
  "name": "test-repo",
  "version": "1.0.0",
  "lockfileVersion": 2,
  "requires": true,
  "packages": {
    "": {
      "name": "test-repo",
      "version": "1.0.0"
    },
    "node_modules/posthog-node": {
      "version": "5.11.3",
      "resolved": "https://registry.npmjs.org/posthog-node/-/posthog-node-5.11.3.tgz"
    },
    "node_modules/safe-package": {
      "version": "1.2.3",
      "resolved": "https://registry.npmjs.org/safe-package/-/safe-package-1.2.3.tgz"
    }
  }
}
