# THIS IS AN AUTOGENERATED FILE. DO NOT EDIT THIS FILE DIRECTLY.
# yarn lockfile v1

posthog-node@^5.0.0:
  version "5.11.3"
  resolved "https://registry.yarnpkg.com/posthog-node/-/posthog-node-5.11.3.tgz"
  integrity sha512-xxx

safe-package@^1.0.0:
  version "1.2.3"
  resolved "https://registry.yarnpkg.com/safe-package/-/safe-package-1.2.3.tgz"
  integrity sha512-yyy
